<?xml version="1.0" encoding="utf-8"?>
<Project ToolsVersion="4.0" xmlns="http://schemas.microsoft.com/developer/msbuild/2003">
  <ItemGroup>
    <Filter Include="Исходные файлы">
      <UniqueIdentifier>{4FC737F1-C7A5-4376-A066-2A32D752A2FF}</UniqueIdentifier>
      <Extensions>cpp;c;cc;cxx;c++;cppm;ixx;def;odl;idl;hpj;bat;asm;asmx</Extensions>
    </Filter>
    <Filter Include="Файлы заголовков">
      <UniqueIdentifier>{93995380-89BD-4b04-88EB-625FBE52EBFB}</UniqueIdentifier>
      <Extensions>h;hh;hpp;hxx;h++;hm;inl;inc;ipp;xsd</Extensions>
    </Filter>
    <Filter Include="Файлы ресурсов">
      <UniqueIdentifier>{67DA6AB6-F800-4c08-8B7A-83BB121AAD01}</UniqueIdentifier>
      <Extensions>rc;ico;cur;bmp;dlg;rc2;rct;bin;rgs;gif;jpg;jpeg;jpe;resx;tiff;tif;png;wav;mfcribbon-ms</Extensions>
    </Filter>
    <Filter Include="Исходные файлы\lib">
      <UniqueIdentifier>{6803e47d-c4af-4398-bc23-8e17babd328a}</UniqueIdentifier>
    </Filter>
    <Filter Include="Исходные файлы\lib\menu">
      <UniqueIdentifier>{6272a9b1-8eed-434e-add2-ffbd8505d525}</UniqueIdentifier>
    </Filter>
    <Filter Include="Исходные файлы\lib\console">
      <UniqueIdentifier>{0c27fba1-68cb-4167-b8a4-2c76572edb5e}</UniqueIdentifier>
    </Filter>
    <Filter Include="Исходные файлы\lib\git">
      <UniqueIdentifier>{c513bf4e-cae1-4bf5-aeea-0f29bcc0979f}</UniqueIdentifier>
    </Filter>
    <Filter Include="Исходные файлы\lib\git hub">
      <UniqueIdentifier>{5d3083a8-7138-4203-8a6f-dc575be40da3}</UniqueIdentifier>
    </Filter>
  </ItemGroup>
  <ItemGroup>
    <ClCompile Include="libraries\menu\menu.cpp">
      <Filter>Исходные файлы\lib\menu</Filter>
    </ClCompile>
    <ClCompile Include="libraries\console\console.cpp">
      <Filter>Исходные файлы\lib\console</Filter>
    </ClCompile>
    <ClCompile Include="main.cpp">
      <Filter>Исходные файлы</Filter>
    </ClCompile>
    <ClCompile Include="libraries\git hub\git.cpp">
      <Filter>Исходные файлы\lib\git hub</Filter>
    </ClCompile>
  </ItemGroup>
  <ItemGroup>
    <ClInclude Include="libraries\menu\menu.h">
      <Filter>Исходные файлы\lib\menu</Filter>
    </ClInclude>
    <ClInclude Include="libraries\console\console.h">
      <Filter>Исходные файлы\lib\console</Filter>
    </ClInclude>
    <ClInclude Include="libraries\git hub\git.h">
      <Filter>Исходные файлы\lib\git hub</Filter>
    </ClInclude>
  </ItemGroup>
</Project>